
Microsoft Visual Studio Solution File, Format Version 12.00
# Visual Studio Version 17
VisualStudioVersion = 17.10.35004.147
MinimumVisualStudioVersion = 10.0.40219.1
Project("{FAE04EC0-301F-11D3-BF4B-00C04F79EFBC}") = "FabricIsvPlaybook", "FabricIsvPlaybook\FabricIsvPlaybook.csproj", "{031F14BF-066B-478E-A1AD-3FDD0DB66616}"
EndProject
Global
	GlobalSection(SolutionConfigurationPlatforms) = preSolution
		Debug|Any CPU = Debug|Any CPU
		Release|Any CPU = Release|Any CPU
	EndGlobalSection
	GlobalSection(ProjectConfigurationPlatforms) = postSolution
		{031F14BF-066B-478E-A1AD-3FDD0DB66616}.Debug|Any CPU.ActiveCfg = Debug|Any CPU
		{031F14BF-066B-478E-A1AD-3FDD0DB66616}.Debug|Any CPU.Build.0 = Debug|Any CPU
		{031F14BF-066B-478E-A1AD-3FDD0DB66616}.Release|Any CPU.ActiveCfg = Release|Any CPU
		{031F14BF-066B-478E-A1AD-3FDD0DB66616}.Release|Any CPU.Build.0 = Release|Any CPU
	EndGlobalSection
	GlobalSection(SolutionProperties) = preSolution
		HideSolutionNode = FALSE
	EndGlobalSection
	GlobalSection(ExtensibilityGlobals) = postSolution
		SolutionGuid = {D13222C3-43D7-4D25-B594-548D078DE40F}
	EndGlobalSection
EndGlobal
